
Microsoft Visual Studio Solution File, Format Version 12.00
# Visual Studio Version 16
VisualStudioVersion = 16.0.30309.148
MinimumVisualStudioVersion = 10.0.40219.1
Project("{FAE04EC0-301F-11D3-BF4B-00C04F79EFBC}") = "KutuphaneOtomasyonu", "KutuphaneOtomasyonu\KutuphaneOtomasyonu.csproj", "{09C26A9F-2D05-4A65-8AC1-A01EBDD7D012}"
EndProject
Global
	GlobalSection(SolutionConfigurationPlatforms) = preSolution
		Debug|Any CPU = Debug|Any CPU
		Release|Any CPU = Release|Any CPU
	EndGlobalSection
	GlobalSection(ProjectConfigurationPlatforms) = postSolution
		{09C26A9F-2D05-4A65-8AC1-A01EBDD7D012}.Debug|Any CPU.ActiveCfg = Debug|Any CPU
		{09C26A9F-2D05-4A65-8AC1-A01EBDD7D012}.Debug|Any CPU.Build.0 = Debug|Any CPU
		{09C26A9F-2D05-4A65-8AC1-A01EBDD7D012}.Release|Any CPU.ActiveCfg = Release|Any CPU
		{09C26A9F-2D05-4A65-8AC1-A01EBDD7D012}.Release|Any CPU.Build.0 = Release|Any CPU
	EndGlobalSection
	GlobalSection(SolutionProperties) = preSolution
		HideSolutionNode = FALSE
	EndGlobalSection
	GlobalSection(ExtensibilityGlobals) = postSolution
		SolutionGuid = {D82A4E51-441F-47D9-B401-62B9BA10D86F}
	EndGlobalSection
EndGlobal
